
Microsoft Visual Studio Solution File, Format Version 12.00
# Visual Studio Version 16
VisualStudioVersion = 16.0.30204.135
MinimumVisualStudioVersion = 10.0.40219.1
Project("{2150E333-8FDC-42A3-9474-1A3956D46DE8}") = "Chap03", "Chap03", "{EF8DD871-EE7E-4FD3-A153-03E96074967F}"
EndProject
Project("{FAE04EC0-301F-11D3-BF4B-00C04F79EFBC}") = "enum", "enum\enum.csproj", "{4269DE40-D400-4242-803D-9EE69EA437D1}"
EndProject
Project("{FAE04EC0-301F-11D3-BF4B-00C04F79EFBC}") = "NullableApp", "NullableApp\NullableApp.csproj", "{1543C517-71CA-4E42-B35A-B9133AE87A7E}"
EndProject
Project("{2150E333-8FDC-42A3-9474-1A3956D46DE8}") = "Appendix_A", "Appendix_A", "{0A05C673-FE38-457E-8BB2-2644D099F058}"
EndProject
Project("{FAE04EC0-301F-11D3-BF4B-00C04F79EFBC}") = "StringSerchApp", "StringSerchApp\StringSerchApp.csproj", "{5FC2C37B-0A01-4ADE-AA4E-4FD0A2C084C5}"
EndProject
Project("{2150E333-8FDC-42A3-9474-1A3956D46DE8}") = "Chap05", "Chap05", "{A9E6B40C-2209-4F82-891E-7444D3CFAC41}"
EndProject
Project("{FAE04EC0-301F-11D3-BF4B-00C04F79EFBC}") = "IFELSE", "IFELSE\IFELSE.csproj", "{B589ACE9-1B79-4DFD-A554-3965C1AF801A}"
EndProject
Project("{FAE04EC0-301F-11D3-BF4B-00C04F79EFBC}") = "SwitchCaseApp", "SwitchCaseApp\SwitchCaseApp.csproj", "{0E793B01-D082-49F5-AAF7-89134C85AE48}"
EndProject
Project("{2150E333-8FDC-42A3-9474-1A3956D46DE8}") = "Chap06", "Chap06", "{354E84EE-5E6C-4CAF-9823-04FE9373FA88}"
EndProject
Project("{FAE04EC0-301F-11D3-BF4B-00C04F79EFBC}") = "SwapByValue", "SwapByValue\SwapByValue.csproj", "{A4535521-90FA-4336-B8A8-360D6E6BE206}"
EndProject
Project("{FAE04EC0-301F-11D3-BF4B-00C04F79EFBC}") = "RefReturn", "RefReturn\RefReturn.csproj", "{98640ADC-DDA4-4438-BF23-2517A66D11E8}"
EndProject
Project("{FAE04EC0-301F-11D3-BF4B-00C04F79EFBC}") = "UsingOut", "UsingOut\UsingOut.csproj", "{77F27D09-86ED-475F-AD0E-70A70407ACD6}"
EndProject
Project("{FAE04EC0-301F-11D3-BF4B-00C04F79EFBC}") = "OverLoading", "OverLoading\OverLoading.csproj", "{F2630DC7-B9EE-4415-8CEA-F0F9875F022C}"
EndProject
Project("{FAE04EC0-301F-11D3-BF4B-00C04F79EFBC}") = "LocalFuntion", "LocalFuntion\LocalFuntion.csproj", "{6966CAC3-056A-4CEE-B932-BB65ED1681B9}"
EndProject
Project("{FAE04EC0-301F-11D3-BF4B-00C04F79EFBC}") = "Ex6_1", "Ex6_1\Ex6_1.csproj", "{8C9B87B7-73BB-47D2-A5EA-705C92066142}"
EndProject
Project("{FAE04EC0-301F-11D3-BF4B-00C04F79EFBC}") = "Ex6_2", "Ex6_2\Ex6_2.csproj", "{73B6A760-1E82-465E-B1E3-D6A467F21814}"
EndProject
Project("{2150E333-8FDC-42A3-9474-1A3956D46DE8}") = "Chap07", "Chap07", "{FC29B985-A356-4D06-BCC5-11A3F3EDFBC2}"
EndProject
Project("{FAE04EC0-301F-11D3-BF4B-00C04F79EFBC}") = "BasicClassApp", "BasicClassApp\BasicClassApp.csproj", "{9F47198D-3AFE-4E88-9383-07C26EB45FE2}"
EndProject
Project("{FAE04EC0-301F-11D3-BF4B-00C04F79EFBC}") = "StaticApp", "Static\StaticApp.csproj", "{4E688EB7-828B-4571-A6EA-671A90C328AA}"
EndProject
Project("{FAE04EC0-301F-11D3-BF4B-00C04F79EFBC}") = "DeepCopyApp", "DeepCopyApp\DeepCopyApp.csproj", "{99780224-4EC1-4E3D-B738-F2409574D1A5}"
EndProject
Project("{FAE04EC0-301F-11D3-BF4B-00C04F79EFBC}") = "AccessModifier", "AccessModifier\AccessModifier.csproj", "{5765ADC5-76D8-4D2C-90B8-7774AE7E7591}"
EndProject
Project("{FAE04EC0-301F-11D3-BF4B-00C04F79EFBC}") = "InheritanceApp", "InheritanceApp\InheritanceApp.csproj", "{7B374C1A-FE02-419A-8A00-274CD223468C}"
EndProject
Project("{FAE04EC0-301F-11D3-BF4B-00C04F79EFBC}") = "ClassTypeCasting", "ClassTypeCasting\ClassTypeCasting.csproj", "{0D3C4DDC-77AF-4DB7-80F6-2F71125D8E06}"
EndProject
Project("{FAE04EC0-301F-11D3-BF4B-00C04F79EFBC}") = "OverridingApp", "Overriding\OverridingApp.csproj", "{63225801-32A4-4A4F-994D-7E00BEA2A4EA}"
EndProject
Project("{FAE04EC0-301F-11D3-BF4B-00C04F79EFBC}") = "NestedClassApp", "NestedClassApp\NestedClassApp.csproj", "{A02FD4A0-841F-42CA-BFC9-7D08ABA572E8}"
EndProject
Project("{FAE04EC0-301F-11D3-BF4B-00C04F79EFBC}") = "ExtensionMethodApp", "ExtensionMethodApp\ExtensionMethodApp.csproj", "{025C2098-5F83-4F76-9738-3FEE694BBBB6}"
EndProject
Project("{FAE04EC0-301F-11D3-BF4B-00C04F79EFBC}") = "StructureApp", "StructureApp\StructureApp.csproj", "{3B88902B-9C83-4409-BC35-097A75E6AD1B}"
EndProject
Project("{FAE04EC0-301F-11D3-BF4B-00C04F79EFBC}") = "TupleApp", "TupleApp\TupleApp.csproj", "{3A7484E9-E220-4C05-88B1-32EAED588CB9}"
EndProject
Project("{2150E333-8FDC-42A3-9474-1A3956D46DE8}") = "Chap08", "Chap08", "{908DE815-5460-49B9-86C6-50F5D432A565}"
EndProject
Project("{FAE04EC0-301F-11D3-BF4B-00C04F79EFBC}") = "InterfaceApp", "InterfaceApp\InterfaceApp.csproj", "{BAF2F7A5-EB75-42A0-A49C-020679B92CCA}"
EndProject
Project("{FAE04EC0-301F-11D3-BF4B-00C04F79EFBC}") = "MultiInterfaceInheritance", "MultiInterfaceInheritance\MultiInterfaceInheritance.csproj", "{AE89BB16-CCE4-4C41-A3B2-7CF9CA5BC21F}"
EndProject
Project("{FAE04EC0-301F-11D3-BF4B-00C04F79EFBC}") = "AbstractClassApp", "AbstractClassApp\AbstractClassApp.csproj", "{7E81EF26-959C-4ED1-956E-CC72E495E49B}"
EndProject
Project("{2150E333-8FDC-42A3-9474-1A3956D46DE8}") = "Chap09", "Chap09", "{7484C819-5836-4095-B068-09531E8B2B65}"
EndProject
Project("{FAE04EC0-301F-11D3-BF4B-00C04F79EFBC}") = "PropertyApp", "PropertyApp\PropertyApp.csproj", "{44D5B15A-2690-48D9-8609-A25646701C85}"
EndProject
Project("{FAE04EC0-301F-11D3-BF4B-00C04F79EFBC}") = "PropertiesInInterface", "PropertiesInInterface\PropertiesInInterface.csproj", "{497747A1-3733-449F-8FE5-CB9DE6A922B8}"
EndProject
Project("{FAE04EC0-301F-11D3-BF4B-00C04F79EFBC}") = "UsingList", "Chap 10\UsingList.csproj", "{DD710B3B-01B9-4BDE-BEFC-73A5AA27829F}"
EndProject
Project("{2150E333-8FDC-42A3-9474-1A3956D46DE8}") = "Chap10", "Chap10", "{B2B75FF7-6D0C-47FC-B46A-0F99A55ECEA5}"
EndProject
Project("{FAE04EC0-301F-11D3-BF4B-00C04F79EFBC}") = "UsingHashtable", "UsingHashtable\UsingHashtable.csproj", "{DD1B456C-5442-4984-A3A8-831DF835F1E4}"
EndProject
Project("{FAE04EC0-301F-11D3-BF4B-00C04F79EFBC}") = "UsingIndexer", "UsingIndexer\UsingIndexer.csproj", "{21946C22-B9BE-49C9-8D4D-9F2F60B94D2F}"
EndProject
Project("{FAE04EC0-301F-11D3-BF4B-00C04F79EFBC}") = "UsingYield", "UsingYield\UsingYield.csproj", "{D75B2353-647F-49F1-B23C-057FE927EBA9}"
EndProject
Project("{FAE04EC0-301F-11D3-BF4B-00C04F79EFBC}") = "Enumerable", "Enumerable\Enumerable.csproj", "{C0AB9FB5-1FA9-455B-AD2C-C4BB148C3A3D}"
EndProject
Project("{2150E333-8FDC-42A3-9474-1A3956D46DE8}") = "Chap11", "Chap11", "{54599ACC-CC0B-4B44-A49F-57E2109A73EA}"
EndProject
Project("{FAE04EC0-301F-11D3-BF4B-00C04F79EFBC}") = "CopyingArray", "CopyingArray\CopyingArray.csproj", "{70AE175A-94F4-4751-8F52-BCAA4FA1F2E5}"
EndProject
Project("{FAE04EC0-301F-11D3-BF4B-00C04F79EFBC}") = "UsingGeneric", "UsingGeneric\UsingGeneric.csproj", "{561D750B-EBC9-485F-BCF7-B434A9AB150A}"
EndProject
Project("{FAE04EC0-301F-11D3-BF4B-00C04F79EFBC}") = "ConstraintsOnTypeParameters", "ConstraintsOnTypeParameters\ConstraintsOnTypeParameters.csproj", "{D78943D0-BB9C-4392-AFCB-8E911C4CB649}"
EndProject
Project("{FAE04EC0-301F-11D3-BF4B-00C04F79EFBC}") = "UsingGenericList", "UsingGenericList\UsingGenericList.csproj", "{627B4B41-7CD9-4C47-B6F6-79CBCC90F345}"
EndProject
Project("{FAE04EC0-301F-11D3-BF4B-00C04F79EFBC}") = "EnumerableGeneric", "EnumerableGeneric\EnumerableGeneric.csproj", "{E8D1C191-D965-42D3-80CD-083ED4E9F28F}"
EndProject
Project("{2150E333-8FDC-42A3-9474-1A3956D46DE8}") = "Chap12", "Chap12", "{5E2B4141-3023-414F-A96C-761C72E938B5}"
EndProject
Project("{FAE04EC0-301F-11D3-BF4B-00C04F79EFBC}") = "KillingProgram", "KillingProgram\KillingProgram.csproj", "{F59F2748-F982-4AD1-8D91-F8ED4B83AD2A}"
EndProject
Project("{FAE04EC0-301F-11D3-BF4B-00C04F79EFBC}") = "Throw", "Throw\Throw.csproj", "{A63C9ABD-9E70-446A-B5C5-1962106B82E8}"
EndProject
Project("{FAE04EC0-301F-11D3-BF4B-00C04F79EFBC}") = "MyException", "MyException\MyException.csproj", "{980C4392-DFFC-43E3-8B51-070251D98B8D}"
EndProject
Project("{2150E333-8FDC-42A3-9474-1A3956D46DE8}") = "Chap13", "Chap13", "{9D301E01-22CC-4F9D-9197-2E2A50473828}"
EndProject
Project("{FAE04EC0-301F-11D3-BF4B-00C04F79EFBC}") = "UsingDelegate", "UsingDelegate\UsingDelegate.csproj", "{D5E0ACB8-5E6D-499A-860E-9D9020AFB113}"
EndProject
Project("{FAE04EC0-301F-11D3-BF4B-00C04F79EFBC}") = "UsingCallbackSort", "UsingCallbackSort\UsingCallbackSort.csproj", "{2C23F1AF-D7AB-4C4E-A993-6DDECFDAEEB1}"
EndProject
Project("{FAE04EC0-301F-11D3-BF4B-00C04F79EFBC}") = "DelegateChains", "DelegateChains\DelegateChains.csproj", "{B6C79664-6C25-46BC-9434-462F507489BE}"
EndProject
Project("{FAE04EC0-301F-11D3-BF4B-00C04F79EFBC}") = "UsingEvent", "UsingEvent\UsingEvent.csproj", "{D0E0337F-5839-4F74-871C-1765A3F4C1EB}"
EndProject
Project("{FAE04EC0-301F-11D3-BF4B-00C04F79EFBC}") = "WindowsFormsApp2", "WindowsFormsApp2\WindowsFormsApp2.csproj", "{DDC40DEC-29AE-47AD-8505-B49396143371}"
EndProject
Global
	GlobalSection(SolutionConfigurationPlatforms) = preSolution
		Debug|Any CPU = Debug|Any CPU
		Debug|x64 = Debug|x64
		Debug|x86 = Debug|x86
		Release|Any CPU = Release|Any CPU
		Release|x64 = Release|x64
		Release|x86 = Release|x86
	EndGlobalSection
	GlobalSection(ProjectConfigurationPlatforms) = postSolution
		{4269DE40-D400-4242-803D-9EE69EA437D1}.Debug|Any CPU.ActiveCfg = Debug|Any CPU
		{4269DE40-D400-4242-803D-9EE69EA437D1}.Debug|Any CPU.Build.0 = Debug|Any CPU
		{4269DE40-D400-4242-803D-9EE69EA437D1}.Debug|x64.ActiveCfg = Debug|Any CPU
		{4269DE40-D400-4242-803D-9EE69EA437D1}.Debug|x64.Build.0 = Debug|Any CPU
		{4269DE40-D400-4242-803D-9EE69EA437D1}.Debug|x86.ActiveCfg = Debug|Any CPU
		{4269DE40-D400-4242-803D-9EE69EA437D1}.Debug|x86.Build.0 = Debug|Any CPU
		{4269DE40-D400-4242-803D-9EE69EA437D1}.Release|Any CPU.ActiveCfg = Release|Any CPU
		{4269DE40-D400-4242-803D-9EE69EA437D1}.Release|Any CPU.Build.0 = Release|Any CPU
		{4269DE40-D400-4242-803D-9EE69EA437D1}.Release|x64.ActiveCfg = Release|Any CPU
		{4269DE40-D400-4242-803D-9EE69EA437D1}.Release|x64.Build.0 = Release|Any CPU
		{4269DE40-D400-4242-803D-9EE69EA437D1}.Release|x86.ActiveCfg = Release|Any CPU
		{4269DE40-D400-4242-803D-9EE69EA437D1}.Release|x86.Build.0 = Release|Any CPU
		{1543C517-71CA-4E42-B35A-B9133AE87A7E}.Debug|Any CPU.ActiveCfg = Debug|Any CPU
		{1543C517-71CA-4E42-B35A-B9133AE87A7E}.Debug|Any CPU.Build.0 = Debug|Any CPU
		{1543C517-71CA-4E42-B35A-B9133AE87A7E}.Debug|x64.ActiveCfg = Debug|Any CPU
		{1543C517-71CA-4E42-B35A-B9133AE87A7E}.Debug|x64.Build.0 = Debug|Any CPU
		{1543C517-71CA-4E42-B35A-B9133AE87A7E}.Debug|x86.ActiveCfg = Debug|Any CPU
		{1543C517-71CA-4E42-B35A-B9133AE87A7E}.Debug|x86.Build.0 = Debug|Any CPU
		{1543C517-71CA-4E42-B35A-B9133AE87A7E}.Release|Any CPU.ActiveCfg = Release|Any CPU
		{1543C517-71CA-4E42-B35A-B9133AE87A7E}.Release|Any CPU.Build.0 = Release|Any CPU
		{1543C517-71CA-4E42-B35A-B9133AE87A7E}.Release|x64.ActiveCfg = Release|Any CPU
		{1543C517-71CA-4E42-B35A-B9133AE87A7E}.Release|x64.Build.0 = Release|Any CPU
		{1543C517-71CA-4E42-B35A-B9133AE87A7E}.Release|x86.ActiveCfg = Release|Any CPU
		{1543C517-71CA-4E42-B35A-B9133AE87A7E}.Release|x86.Build.0 = Release|Any CPU
		{5FC2C37B-0A01-4ADE-AA4E-4FD0A2C084C5}.Debug|Any CPU.ActiveCfg = Debug|Any CPU
		{5FC2C37B-0A01-4ADE-AA4E-4FD0A2C084C5}.Debug|Any CPU.Build.0 = Debug|Any CPU
		{5FC2C37B-0A01-4ADE-AA4E-4FD0A2C084C5}.Debug|x64.ActiveCfg = Debug|Any CPU
		{5FC2C37B-0A01-4ADE-AA4E-4FD0A2C084C5}.Debug|x64.Build.0 = Debug|Any CPU
		{5FC2C37B-0A01-4ADE-AA4E-4FD0A2C084C5}.Debug|x86.ActiveCfg = Debug|Any CPU
		{5FC2C37B-0A01-4ADE-AA4E-4FD0A2C084C5}.Debug|x86.Build.0 = Debug|Any CPU
		{5FC2C37B-0A01-4ADE-AA4E-4FD0A2C084C5}.Release|Any CPU.ActiveCfg = Release|Any CPU
		{5FC2C37B-0A01-4ADE-AA4E-4FD0A2C084C5}.Release|Any CPU.Build.0 = Release|Any CPU
		{5FC2C37B-0A01-4ADE-AA4E-4FD0A2C084C5}.Release|x64.ActiveCfg = Release|Any CPU
		{5FC2C37B-0A01-4ADE-AA4E-4FD0A2C084C5}.Release|x64.Build.0 = Release|Any CPU
		{5FC2C37B-0A01-4ADE-AA4E-4FD0A2C084C5}.Release|x86.ActiveCfg = Release|Any CPU
		{5FC2C37B-0A01-4ADE-AA4E-4FD0A2C084C5}.Release|x86.Build.0 = Release|Any CPU
		{B589ACE9-1B79-4DFD-A554-3965C1AF801A}.Debug|Any CPU.ActiveCfg = Debug|Any CPU
		{B589ACE9-1B79-4DFD-A554-3965C1AF801A}.Debug|Any CPU.Build.0 = Debug|Any CPU
		{B589ACE9-1B79-4DFD-A554-3965C1AF801A}.Debug|x64.ActiveCfg = Debug|Any CPU
		{B589ACE9-1B79-4DFD-A554-3965C1AF801A}.Debug|x64.Build.0 = Debug|Any CPU
		{B589ACE9-1B79-4DFD-A554-3965C1AF801A}.Debug|x86.ActiveCfg = Debug|Any CPU
		{B589ACE9-1B79-4DFD-A554-3965C1AF801A}.Debug|x86.Build.0 = Debug|Any CPU
		{B589ACE9-1B79-4DFD-A554-3965C1AF801A}.Release|Any CPU.ActiveCfg = Release|Any CPU
		{B589ACE9-1B79-4DFD-A554-3965C1AF801A}.Release|Any CPU.Build.0 = Release|Any CPU
		{B589ACE9-1B79-4DFD-A554-3965C1AF801A}.Release|x64.ActiveCfg = Release|Any CPU
		{B589ACE9-1B79-4DFD-A554-3965C1AF801A}.Release|x64.Build.0 = Release|Any CPU
		{B589ACE9-1B79-4DFD-A554-3965C1AF801A}.Release|x86.ActiveCfg = Release|Any CPU
		{B589ACE9-1B79-4DFD-A554-3965C1AF801A}.Release|x86.Build.0 = Release|Any CPU
		{0E793B01-D082-49F5-AAF7-89134C85AE48}.Debug|Any CPU.ActiveCfg = Debug|Any CPU
		{0E793B01-D082-49F5-AAF7-89134C85AE48}.Debug|Any CPU.Build.0 = Debug|Any CPU
		{0E793B01-D082-49F5-AAF7-89134C85AE48}.Debug|x64.ActiveCfg = Debug|Any CPU
		{0E793B01-D082-49F5-AAF7-89134C85AE48}.Debug|x64.Build.0 = Debug|Any CPU
		{0E793B01-D082-49F5-AAF7-89134C85AE48}.Debug|x86.ActiveCfg = Debug|Any CPU
		{0E793B01-D082-49F5-AAF7-89134C85AE48}.Debug|x86.Build.0 = Debug|Any CPU
		{0E793B01-D082-49F5-AAF7-89134C85AE48}.Release|Any CPU.ActiveCfg = Release|Any CPU
		{0E793B01-D082-49F5-AAF7-89134C85AE48}.Release|Any CPU.Build.0 = Release|Any CPU
		{0E793B01-D082-49F5-AAF7-89134C85AE48}.Release|x64.ActiveCfg = Release|Any CPU
		{0E793B01-D082-49F5-AAF7-89134C85AE48}.Release|x64.Build.0 = Release|Any CPU
		{0E793B01-D082-49F5-AAF7-89134C85AE48}.Release|x86.ActiveCfg = Release|Any CPU
		{0E793B01-D082-49F5-AAF7-89134C85AE48}.Release|x86.Build.0 = Release|Any CPU
		{A4535521-90FA-4336-B8A8-360D6E6BE206}.Debug|Any CPU.ActiveCfg = Debug|Any CPU
		{A4535521-90FA-4336-B8A8-360D6E6BE206}.Debug|Any CPU.Build.0 = Debug|Any CPU
		{A4535521-90FA-4336-B8A8-360D6E6BE206}.Debug|x64.ActiveCfg = Debug|Any CPU
		{A4535521-90FA-4336-B8A8-360D6E6BE206}.Debug|x64.Build.0 = Debug|Any CPU
		{A4535521-90FA-4336-B8A8-360D6E6BE206}.Debug|x86.ActiveCfg = Debug|Any CPU
		{A4535521-90FA-4336-B8A8-360D6E6BE206}.Debug|x86.Build.0 = Debug|Any CPU
		{A4535521-90FA-4336-B8A8-360D6E6BE206}.Release|Any CPU.ActiveCfg = Release|Any CPU
		{A4535521-90FA-4336-B8A8-360D6E6BE206}.Release|Any CPU.Build.0 = Release|Any CPU
		{A4535521-90FA-4336-B8A8-360D6E6BE206}.Release|x64.ActiveCfg = Release|Any CPU
		{A4535521-90FA-4336-B8A8-360D6E6BE206}.Release|x64.Build.0 = Release|Any CPU
		{A4535521-90FA-4336-B8A8-360D6E6BE206}.Release|x86.ActiveCfg = Release|Any CPU
		{A4535521-90FA-4336-B8A8-360D6E6BE206}.Release|x86.Build.0 = Release|Any CPU
		{98640ADC-DDA4-4438-BF23-2517A66D11E8}.Debug|Any CPU.ActiveCfg = Debug|Any CPU
		{98640ADC-DDA4-4438-BF23-2517A66D11E8}.Debug|Any CPU.Build.0 = Debug|Any CPU
		{98640ADC-DDA4-4438-BF23-2517A66D11E8}.Debug|x64.ActiveCfg = Debug|Any CPU
		{98640ADC-DDA4-4438-BF23-2517A66D11E8}.Debug|x64.Build.0 = Debug|Any CPU
		{98640ADC-DDA4-4438-BF23-2517A66D11E8}.Debug|x86.ActiveCfg = Debug|Any CPU
		{98640ADC-DDA4-4438-BF23-2517A66D11E8}.Debug|x86.Build.0 = Debug|Any CPU
		{98640ADC-DDA4-4438-BF23-2517A66D11E8}.Release|Any CPU.ActiveCfg = Release|Any CPU
		{98640ADC-DDA4-4438-BF23-2517A66D11E8}.Release|Any CPU.Build.0 = Release|Any CPU
		{98640ADC-DDA4-4438-BF23-2517A66D11E8}.Release|x64.ActiveCfg = Release|Any CPU
		{98640ADC-DDA4-4438-BF23-2517A66D11E8}.Release|x64.Build.0 = Release|Any CPU
		{98640ADC-DDA4-4438-BF23-2517A66D11E8}.Release|x86.ActiveCfg = Release|Any CPU
		{98640ADC-DDA4-4438-BF23-2517A66D11E8}.Release|x86.Build.0 = Release|Any CPU
		{77F27D09-86ED-475F-AD0E-70A70407ACD6}.Debug|Any CPU.ActiveCfg = Debug|Any CPU
		{77F27D09-86ED-475F-AD0E-70A70407ACD6}.Debug|Any CPU.Build.0 = Debug|Any CPU
		{77F27D09-86ED-475F-AD0E-70A70407ACD6}.Debug|x64.ActiveCfg = Debug|Any CPU
		{77F27D09-86ED-475F-AD0E-70A70407ACD6}.Debug|x64.Build.0 = Debug|Any CPU
		{77F27D09-86ED-475F-AD0E-70A70407ACD6}.Debug|x86.ActiveCfg = Debug|Any CPU
		{77F27D09-86ED-475F-AD0E-70A70407ACD6}.Debug|x86.Build.0 = Debug|Any CPU
		{77F27D09-86ED-475F-AD0E-70A70407ACD6}.Release|Any CPU.ActiveCfg = Release|Any CPU
		{77F27D09-86ED-475F-AD0E-70A70407ACD6}.Release|Any CPU.Build.0 = Release|Any CPU
		{77F27D09-86ED-475F-AD0E-70A70407ACD6}.Release|x64.ActiveCfg = Release|Any CPU
		{77F27D09-86ED-475F-AD0E-70A70407ACD6}.Release|x64.Build.0 = Release|Any CPU
		{77F27D09-86ED-475F-AD0E-70A70407ACD6}.Release|x86.ActiveCfg = Release|Any CPU
		{77F27D09-86ED-475F-AD0E-70A70407ACD6}.Release|x86.Build.0 = Release|Any CPU
		{F2630DC7-B9EE-4415-8CEA-F0F9875F022C}.Debug|Any CPU.ActiveCfg = Debug|Any CPU
		{F2630DC7-B9EE-4415-8CEA-F0F9875F022C}.Debug|Any CPU.Build.0 = Debug|Any CPU
		{F2630DC7-B9EE-4415-8CEA-F0F9875F022C}.Debug|x64.ActiveCfg = Debug|Any CPU
		{F2630DC7-B9EE-4415-8CEA-F0F9875F022C}.Debug|x64.Build.0 = Debug|Any CPU
		{F2630DC7-B9EE-4415-8CEA-F0F9875F022C}.Debug|x86.ActiveCfg = Debug|Any CPU
		{F2630DC7-B9EE-4415-8CEA-F0F9875F022C}.Debug|x86.Build.0 = Debug|Any CPU
		{F2630DC7-B9EE-4415-8CEA-F0F9875F022C}.Release|Any CPU.ActiveCfg = Release|Any CPU
		{F2630DC7-B9EE-4415-8CEA-F0F9875F022C}.Release|Any CPU.Build.0 = Release|Any CPU
		{F2630DC7-B9EE-4415-8CEA-F0F9875F022C}.Release|x64.ActiveCfg = Release|Any CPU
		{F2630DC7-B9EE-4415-8CEA-F0F9875F022C}.Release|x64.Build.0 = Release|Any CPU
		{F2630DC7-B9EE-4415-8CEA-F0F9875F022C}.Release|x86.ActiveCfg = Release|Any CPU
		{F2630DC7-B9EE-4415-8CEA-F0F9875F022C}.Release|x86.Build.0 = Release|Any CPU
		{6966CAC3-056A-4CEE-B932-BB65ED1681B9}.Debug|Any CPU.ActiveCfg = Debug|Any CPU
		{6966CAC3-056A-4CEE-B932-BB65ED1681B9}.Debug|Any CPU.Build.0 = Debug|Any CPU
		{6966CAC3-056A-4CEE-B932-BB65ED1681B9}.Debug|x64.ActiveCfg = Debug|Any CPU
		{6966CAC3-056A-4CEE-B932-BB65ED1681B9}.Debug|x64.Build.0 = Debug|Any CPU
		{6966CAC3-056A-4CEE-B932-BB65ED1681B9}.Debug|x86.ActiveCfg = Debug|Any CPU
		{6966CAC3-056A-4CEE-B932-BB65ED1681B9}.Debug|x86.Build.0 = Debug|Any CPU
		{6966CAC3-056A-4CEE-B932-BB65ED1681B9}.Release|Any CPU.ActiveCfg = Release|Any CPU
		{6966CAC3-056A-4CEE-B932-BB65ED1681B9}.Release|Any CPU.Build.0 = Release|Any CPU
		{6966CAC3-056A-4CEE-B932-BB65ED1681B9}.Release|x64.ActiveCfg = Release|Any CPU
		{6966CAC3-056A-4CEE-B932-BB65ED1681B9}.Release|x64.Build.0 = Release|Any CPU
		{6966CAC3-056A-4CEE-B932-BB65ED1681B9}.Release|x86.ActiveCfg = Release|Any CPU
		{6966CAC3-056A-4CEE-B932-BB65ED1681B9}.Release|x86.Build.0 = Release|Any CPU
		{8C9B87B7-73BB-47D2-A5EA-705C92066142}.Debug|Any CPU.ActiveCfg = Debug|Any CPU
		{8C9B87B7-73BB-47D2-A5EA-705C92066142}.Debug|Any CPU.Build.0 = Debug|Any CPU
		{8C9B87B7-73BB-47D2-A5EA-705C92066142}.Debug|x64.ActiveCfg = Debug|Any CPU
		{8C9B87B7-73BB-47D2-A5EA-705C92066142}.Debug|x64.Build.0 = Debug|Any CPU
		{8C9B87B7-73BB-47D2-A5EA-705C92066142}.Debug|x86.ActiveCfg = Debug|Any CPU
		{8C9B87B7-73BB-47D2-A5EA-705C92066142}.Debug|x86.Build.0 = Debug|Any CPU
		{8C9B87B7-73BB-47D2-A5EA-705C92066142}.Release|Any CPU.ActiveCfg = Release|Any CPU
		{8C9B87B7-73BB-47D2-A5EA-705C92066142}.Release|Any CPU.Build.0 = Release|Any CPU
		{8C9B87B7-73BB-47D2-A5EA-705C92066142}.Release|x64.ActiveCfg = Release|Any CPU
		{8C9B87B7-73BB-47D2-A5EA-705C92066142}.Release|x64.Build.0 = Release|Any CPU
		{8C9B87B7-73BB-47D2-A5EA-705C92066142}.Release|x86.ActiveCfg = Release|Any CPU
		{8C9B87B7-73BB-47D2-A5EA-705C92066142}.Release|x86.Build.0 = Release|Any CPU
		{73B6A760-1E82-465E-B1E3-D6A467F21814}.Debug|Any CPU.ActiveCfg = Debug|Any CPU
		{73B6A760-1E82-465E-B1E3-D6A467F21814}.Debug|Any CPU.Build.0 = Debug|Any CPU
		{73B6A760-1E82-465E-B1E3-D6A467F21814}.Debug|x64.ActiveCfg = Debug|Any CPU
		{73B6A760-1E82-465E-B1E3-D6A467F21814}.Debug|x64.Build.0 = Debug|Any CPU
		{73B6A760-1E82-465E-B1E3-D6A467F21814}.Debug|x86.ActiveCfg = Debug|Any CPU
		{73B6A760-1E82-465E-B1E3-D6A467F21814}.Debug|x86.Build.0 = Debug|Any CPU
		{73B6A760-1E82-465E-B1E3-D6A467F21814}.Release|Any CPU.ActiveCfg = Release|Any CPU
		{73B6A760-1E82-465E-B1E3-D6A467F21814}.Release|Any CPU.Build.0 = Release|Any CPU
		{73B6A760-1E82-465E-B1E3-D6A467F21814}.Release|x64.ActiveCfg = Release|Any CPU
		{73B6A760-1E82-465E-B1E3-D6A467F21814}.Release|x64.Build.0 = Release|Any CPU
		{73B6A760-1E82-465E-B1E3-D6A467F21814}.Release|x86.ActiveCfg = Release|Any CPU
		{73B6A760-1E82-465E-B1E3-D6A467F21814}.Release|x86.Build.0 = Release|Any CPU
		{9F47198D-3AFE-4E88-9383-07C26EB45FE2}.Debug|Any CPU.ActiveCfg = Debug|Any CPU
		{9F47198D-3AFE-4E88-9383-07C26EB45FE2}.Debug|Any CPU.Build.0 = Debug|Any CPU
		{9F47198D-3AFE-4E88-9383-07C26EB45FE2}.Debug|x64.ActiveCfg = Debug|Any CPU
		{9F47198D-3AFE-4E88-9383-07C26EB45FE2}.Debug|x64.Build.0 = Debug|Any CPU
		{9F47198D-3AFE-4E88-9383-07C26EB45FE2}.Debug|x86.ActiveCfg = Debug|Any CPU
		{9F47198D-3AFE-4E88-9383-07C26EB45FE2}.Debug|x86.Build.0 = Debug|Any CPU
		{9F47198D-3AFE-4E88-9383-07C26EB45FE2}.Release|Any CPU.ActiveCfg = Release|Any CPU
		{9F47198D-3AFE-4E88-9383-07C26EB45FE2}.Release|Any CPU.Build.0 = Release|Any CPU
		{9F47198D-3AFE-4E88-9383-07C26EB45FE2}.Release|x64.ActiveCfg = Release|Any CPU
		{9F47198D-3AFE-4E88-9383-07C26EB45FE2}.Release|x64.Build.0 = Release|Any CPU
		{9F47198D-3AFE-4E88-9383-07C26EB45FE2}.Release|x86.ActiveCfg = Release|Any CPU
		{9F47198D-3AFE-4E88-9383-07C26EB45FE2}.Release|x86.Build.0 = Release|Any CPU
		{4E688EB7-828B-4571-A6EA-671A90C328AA}.Debug|Any CPU.ActiveCfg = Debug|Any CPU
		{4E688EB7-828B-4571-A6EA-671A90C328AA}.Debug|Any CPU.Build.0 = Debug|Any CPU
		{4E688EB7-828B-4571-A6EA-671A90C328AA}.Debug|x64.ActiveCfg = Debug|Any CPU
		{4E688EB7-828B-4571-A6EA-671A90C328AA}.Debug|x64.Build.0 = Debug|Any CPU
		{4E688EB7-828B-4571-A6EA-671A90C328AA}.Debug|x86.ActiveCfg = Debug|Any CPU
		{4E688EB7-828B-4571-A6EA-671A90C328AA}.Debug|x86.Build.0 = Debug|Any CPU
		{4E688EB7-828B-4571-A6EA-671A90C328AA}.Release|Any CPU.ActiveCfg = Release|Any CPU
		{4E688EB7-828B-4571-A6EA-671A90C328AA}.Release|Any CPU.Build.0 = Release|Any CPU
		{4E688EB7-828B-4571-A6EA-671A90C328AA}.Release|x64.ActiveCfg = Release|Any CPU
		{4E688EB7-828B-4571-A6EA-671A90C328AA}.Release|x64.Build.0 = Release|Any CPU
		{4E688EB7-828B-4571-A6EA-671A90C328AA}.Release|x86.ActiveCfg = Release|Any CPU
		{4E688EB7-828B-4571-A6EA-671A90C328AA}.Release|x86.Build.0 = Release|Any CPU
		{99780224-4EC1-4E3D-B738-F2409574D1A5}.Debug|Any CPU.ActiveCfg = Debug|Any CPU
		{99780224-4EC1-4E3D-B738-F2409574D1A5}.Debug|Any CPU.Build.0 = Debug|Any CPU
		{99780224-4EC1-4E3D-B738-F2409574D1A5}.Debug|x64.ActiveCfg = Debug|Any CPU
		{99780224-4EC1-4E3D-B738-F2409574D1A5}.Debug|x64.Build.0 = Debug|Any CPU
		{99780224-4EC1-4E3D-B738-F2409574D1A5}.Debug|x86.ActiveCfg = Debug|Any CPU
		{99780224-4EC1-4E3D-B738-F2409574D1A5}.Debug|x86.Build.0 = Debug|Any CPU
		{99780224-4EC1-4E3D-B738-F2409574D1A5}.Release|Any CPU.ActiveCfg = Release|Any CPU
		{99780224-4EC1-4E3D-B738-F2409574D1A5}.Release|Any CPU.Build.0 = Release|Any CPU
		{99780224-4EC1-4E3D-B738-F2409574D1A5}.Release|x64.ActiveCfg = Release|Any CPU
		{99780224-4EC1-4E3D-B738-F2409574D1A5}.Release|x64.Build.0 = Release|Any CPU
		{99780224-4EC1-4E3D-B738-F2409574D1A5}.Release|x86.ActiveCfg = Release|Any CPU
		{99780224-4EC1-4E3D-B738-F2409574D1A5}.Release|x86.Build.0 = Release|Any CPU
		{5765ADC5-76D8-4D2C-90B8-7774AE7E7591}.Debug|Any CPU.ActiveCfg = Debug|Any CPU
		{5765ADC5-76D8-4D2C-90B8-7774AE7E7591}.Debug|Any CPU.Build.0 = Debug|Any CPU
		{5765ADC5-76D8-4D2C-90B8-7774AE7E7591}.Debug|x64.ActiveCfg = Debug|Any CPU
		{5765ADC5-76D8-4D2C-90B8-7774AE7E7591}.Debug|x64.Build.0 = Debug|Any CPU
		{5765ADC5-76D8-4D2C-90B8-7774AE7E7591}.Debug|x86.ActiveCfg = Debug|Any CPU
		{5765ADC5-76D8-4D2C-90B8-7774AE7E7591}.Debug|x86.Build.0 = Debug|Any CPU
		{5765ADC5-76D8-4D2C-90B8-7774AE7E7591}.Release|Any CPU.ActiveCfg = Release|Any CPU
		{5765ADC5-76D8-4D2C-90B8-7774AE7E7591}.Release|Any CPU.Build.0 = Release|Any CPU
		{5765ADC5-76D8-4D2C-90B8-7774AE7E7591}.Release|x64.ActiveCfg = Release|Any CPU
		{5765ADC5-76D8-4D2C-90B8-7774AE7E7591}.Release|x64.Build.0 = Release|Any CPU
		{5765ADC5-76D8-4D2C-90B8-7774AE7E7591}.Release|x86.ActiveCfg = Release|Any CPU
		{5765ADC5-76D8-4D2C-90B8-7774AE7E7591}.Release|x86.Build.0 = Release|Any CPU
		{7B374C1A-FE02-419A-8A00-274CD223468C}.Debug|Any CPU.ActiveCfg = Debug|Any CPU
		{7B374C1A-FE02-419A-8A00-274CD223468C}.Debug|Any CPU.Build.0 = Debug|Any CPU
		{7B374C1A-FE02-419A-8A00-274CD223468C}.Debug|x64.ActiveCfg = Debug|Any CPU
		{7B374C1A-FE02-419A-8A00-274CD223468C}.Debug|x64.Build.0 = Debug|Any CPU
		{7B374C1A-FE02-419A-8A00-274CD223468C}.Debug|x86.ActiveCfg = Debug|Any CPU
		{7B374C1A-FE02-419A-8A00-274CD223468C}.Debug|x86.Build.0 = Debug|Any CPU
		{7B374C1A-FE02-419A-8A00-274CD223468C}.Release|Any CPU.ActiveCfg = Release|Any CPU
		{7B374C1A-FE02-419A-8A00-274CD223468C}.Release|Any CPU.Build.0 = Release|Any CPU
		{7B374C1A-FE02-419A-8A00-274CD223468C}.Release|x64.ActiveCfg = Release|Any CPU
		{7B374C1A-FE02-419A-8A00-274CD223468C}.Release|x64.Build.0 = Release|Any CPU
		{7B374C1A-FE02-419A-8A00-274CD223468C}.Release|x86.ActiveCfg = Release|Any CPU
		{7B374C1A-FE02-419A-8A00-274CD223468C}.Release|x86.Build.0 = Release|Any CPU
		{0D3C4DDC-77AF-4DB7-80F6-2F71125D8E06}.Debug|Any CPU.ActiveCfg = Debug|Any CPU
		{0D3C4DDC-77AF-4DB7-80F6-2F71125D8E06}.Debug|Any CPU.Build.0 = Debug|Any CPU
		{0D3C4DDC-77AF-4DB7-80F6-2F71125D8E06}.Debug|x64.ActiveCfg = Debug|Any CPU
		{0D3C4DDC-77AF-4DB7-80F6-2F71125D8E06}.Debug|x64.Build.0 = Debug|Any CPU
		{0D3C4DDC-77AF-4DB7-80F6-2F71125D8E06}.Debug|x86.ActiveCfg = Debug|Any CPU
		{0D3C4DDC-77AF-4DB7-80F6-2F71125D8E06}.Debug|x86.Build.0 = Debug|Any CPU
		{0D3C4DDC-77AF-4DB7-80F6-2F71125D8E06}.Release|Any CPU.ActiveCfg = Release|Any CPU
		{0D3C4DDC-77AF-4DB7-80F6-2F71125D8E06}.Release|Any CPU.Build.0 = Release|Any CPU
		{0D3C4DDC-77AF-4DB7-80F6-2F71125D8E06}.Release|x64.ActiveCfg = Release|Any CPU
		{0D3C4DDC-77AF-4DB7-80F6-2F71125D8E06}.Release|x64.Build.0 = Release|Any CPU
		{0D3C4DDC-77AF-4DB7-80F6-2F71125D8E06}.Release|x86.ActiveCfg = Release|Any CPU
		{0D3C4DDC-77AF-4DB7-80F6-2F71125D8E06}.Release|x86.Build.0 = Release|Any CPU
		{63225801-32A4-4A4F-994D-7E00BEA2A4EA}.Debug|Any CPU.ActiveCfg = Debug|Any CPU
		{63225801-32A4-4A4F-994D-7E00BEA2A4EA}.Debug|Any CPU.Build.0 = Debug|Any CPU
		{63225801-32A4-4A4F-994D-7E00BEA2A4EA}.Debug|x64.ActiveCfg = Debug|Any CPU
		{63225801-32A4-4A4F-994D-7E00BEA2A4EA}.Debug|x64.Build.0 = Debug|Any CPU
		{63225801-32A4-4A4F-994D-7E00BEA2A4EA}.Debug|x86.ActiveCfg = Debug|Any CPU
		{63225801-32A4-4A4F-994D-7E00BEA2A4EA}.Debug|x86.Build.0 = Debug|Any CPU
		{63225801-32A4-4A4F-994D-7E00BEA2A4EA}.Release|Any CPU.ActiveCfg = Release|Any CPU
		{63225801-32A4-4A4F-994D-7E00BEA2A4EA}.Release|Any CPU.Build.0 = Release|Any CPU
		{63225801-32A4-4A4F-994D-7E00BEA2A4EA}.Release|x64.ActiveCfg = Release|Any CPU
		{63225801-32A4-4A4F-994D-7E00BEA2A4EA}.Release|x64.Build.0 = Release|Any CPU
		{63225801-32A4-4A4F-994D-7E00BEA2A4EA}.Release|x86.ActiveCfg = Release|Any CPU
		{63225801-32A4-4A4F-994D-7E00BEA2A4EA}.Release|x86.Build.0 = Release|Any CPU
		{A02FD4A0-841F-42CA-BFC9-7D08ABA572E8}.Debug|Any CPU.ActiveCfg = Debug|Any CPU
		{A02FD4A0-841F-42CA-BFC9-7D08ABA572E8}.Debug|Any CPU.Build.0 = Debug|Any CPU
		{A02FD4A0-841F-42CA-BFC9-7D08ABA572E8}.Debug|x64.ActiveCfg = Debug|Any CPU
		{A02FD4A0-841F-42CA-BFC9-7D08ABA572E8}.Debug|x64.Build.0 = Debug|Any CPU
		{A02FD4A0-841F-42CA-BFC9-7D08ABA572E8}.Debug|x86.ActiveCfg = Debug|Any CPU
		{A02FD4A0-841F-42CA-BFC9-7D08ABA572E8}.Debug|x86.Build.0 = Debug|Any CPU
		{A02FD4A0-841F-42CA-BFC9-7D08ABA572E8}.Release|Any CPU.ActiveCfg = Release|Any CPU
		{A02FD4A0-841F-42CA-BFC9-7D08ABA572E8}.Release|Any CPU.Build.0 = Release|Any CPU
		{A02FD4A0-841F-42CA-BFC9-7D08ABA572E8}.Release|x64.ActiveCfg = Release|Any CPU
		{A02FD4A0-841F-42CA-BFC9-7D08ABA572E8}.Release|x64.Build.0 = Release|Any CPU
		{A02FD4A0-841F-42CA-BFC9-7D08ABA572E8}.Release|x86.ActiveCfg = Release|Any CPU
		{A02FD4A0-841F-42CA-BFC9-7D08ABA572E8}.Release|x86.Build.0 = Release|Any CPU
		{025C2098-5F83-4F76-9738-3FEE694BBBB6}.Debug|Any CPU.ActiveCfg = Debug|Any CPU
		{025C2098-5F83-4F76-9738-3FEE694BBBB6}.Debug|Any CPU.Build.0 = Debug|Any CPU
		{025C2098-5F83-4F76-9738-3FEE694BBBB6}.Debug|x64.ActiveCfg = Debug|Any CPU
		{025C2098-5F83-4F76-9738-3FEE694BBBB6}.Debug|x64.Build.0 = Debug|Any CPU
		{025C2098-5F83-4F76-9738-3FEE694BBBB6}.Debug|x86.ActiveCfg = Debug|Any CPU
		{025C2098-5F83-4F76-9738-3FEE694BBBB6}.Debug|x86.Build.0 = Debug|Any CPU
		{025C2098-5F83-4F76-9738-3FEE694BBBB6}.Release|Any CPU.ActiveCfg = Release|Any CPU
		{025C2098-5F83-4F76-9738-3FEE694BBBB6}.Release|Any CPU.Build.0 = Release|Any CPU
		{025C2098-5F83-4F76-9738-3FEE694BBBB6}.Release|x64.ActiveCfg = Release|Any CPU
		{025C2098-5F83-4F76-9738-3FEE694BBBB6}.Release|x64.Build.0 = Release|Any CPU
		{025C2098-5F83-4F76-9738-3FEE694BBBB6}.Release|x86.ActiveCfg = Release|Any CPU
		{025C2098-5F83-4F76-9738-3FEE694BBBB6}.Release|x86.Build.0 = Release|Any CPU
		{3B88902B-9C83-4409-BC35-097A75E6AD1B}.Debug|Any CPU.ActiveCfg = Debug|Any CPU
		{3B88902B-9C83-4409-BC35-097A75E6AD1B}.Debug|Any CPU.Build.0 = Debug|Any CPU
		{3B88902B-9C83-4409-BC35-097A75E6AD1B}.Debug|x64.ActiveCfg = Debug|Any CPU
		{3B88902B-9C83-4409-BC35-097A75E6AD1B}.Debug|x64.Build.0 = Debug|Any CPU
		{3B88902B-9C83-4409-BC35-097A75E6AD1B}.Debug|x86.ActiveCfg = Debug|Any CPU
		{3B88902B-9C83-4409-BC35-097A75E6AD1B}.Debug|x86.Build.0 = Debug|Any CPU
		{3B88902B-9C83-4409-BC35-097A75E6AD1B}.Release|Any CPU.ActiveCfg = Release|Any CPU
		{3B88902B-9C83-4409-BC35-097A75E6AD1B}.Release|Any CPU.Build.0 = Release|Any CPU
		{3B88902B-9C83-4409-BC35-097A75E6AD1B}.Release|x64.ActiveCfg = Release|Any CPU
		{3B88902B-9C83-4409-BC35-097A75E6AD1B}.Release|x64.Build.0 = Release|Any CPU
		{3B88902B-9C83-4409-BC35-097A75E6AD1B}.Release|x86.ActiveCfg = Release|Any CPU
		{3B88902B-9C83-4409-BC35-097A75E6AD1B}.Release|x86.Build.0 = Release|Any CPU
		{3A7484E9-E220-4C05-88B1-32EAED588CB9}.Debug|Any CPU.ActiveCfg = Debug|Any CPU
		{3A7484E9-E220-4C05-88B1-32EAED588CB9}.Debug|Any CPU.Build.0 = Debug|Any CPU
		{3A7484E9-E220-4C05-88B1-32EAED588CB9}.Debug|x64.ActiveCfg = Debug|Any CPU
		{3A7484E9-E220-4C05-88B1-32EAED588CB9}.Debug|x64.Build.0 = Debug|Any CPU
		{3A7484E9-E220-4C05-88B1-32EAED588CB9}.Debug|x86.ActiveCfg = Debug|Any CPU
		{3A7484E9-E220-4C05-88B1-32EAED588CB9}.Debug|x86.Build.0 = Debug|Any CPU
		{3A7484E9-E220-4C05-88B1-32EAED588CB9}.Release|Any CPU.ActiveCfg = Release|Any CPU
		{3A7484E9-E220-4C05-88B1-32EAED588CB9}.Release|Any CPU.Build.0 = Release|Any CPU
		{3A7484E9-E220-4C05-88B1-32EAED588CB9}.Release|x64.ActiveCfg = Release|Any CPU
		{3A7484E9-E220-4C05-88B1-32EAED588CB9}.Release|x64.Build.0 = Release|Any CPU
		{3A7484E9-E220-4C05-88B1-32EAED588CB9}.Release|x86.ActiveCfg = Release|Any CPU
		{3A7484E9-E220-4C05-88B1-32EAED588CB9}.Release|x86.Build.0 = Release|Any CPU
		{BAF2F7A5-EB75-42A0-A49C-020679B92CCA}.Debug|Any CPU.ActiveCfg = Debug|Any CPU
		{BAF2F7A5-EB75-42A0-A49C-020679B92CCA}.Debug|Any CPU.Build.0 = Debug|Any CPU
		{BAF2F7A5-EB75-42A0-A49C-020679B92CCA}.Debug|x64.ActiveCfg = Debug|Any CPU
		{BAF2F7A5-EB75-42A0-A49C-020679B92CCA}.Debug|x64.Build.0 = Debug|Any CPU
		{BAF2F7A5-EB75-42A0-A49C-020679B92CCA}.Debug|x86.ActiveCfg = Debug|Any CPU
		{BAF2F7A5-EB75-42A0-A49C-020679B92CCA}.Debug|x86.Build.0 = Debug|Any CPU
		{BAF2F7A5-EB75-42A0-A49C-020679B92CCA}.Release|Any CPU.ActiveCfg = Release|Any CPU
		{BAF2F7A5-EB75-42A0-A49C-020679B92CCA}.Release|Any CPU.Build.0 = Release|Any CPU
		{BAF2F7A5-EB75-42A0-A49C-020679B92CCA}.Release|x64.ActiveCfg = Release|Any CPU
		{BAF2F7A5-EB75-42A0-A49C-020679B92CCA}.Release|x64.Build.0 = Release|Any CPU
		{BAF2F7A5-EB75-42A0-A49C-020679B92CCA}.Release|x86.ActiveCfg = Release|Any CPU
		{BAF2F7A5-EB75-42A0-A49C-020679B92CCA}.Release|x86.Build.0 = Release|Any CPU
		{AE89BB16-CCE4-4C41-A3B2-7CF9CA5BC21F}.Debug|Any CPU.ActiveCfg = Debug|Any CPU
		{AE89BB16-CCE4-4C41-A3B2-7CF9CA5BC21F}.Debug|Any CPU.Build.0 = Debug|Any CPU
		{AE89BB16-CCE4-4C41-A3B2-7CF9CA5BC21F}.Debug|x64.ActiveCfg = Debug|Any CPU
		{AE89BB16-CCE4-4C41-A3B2-7CF9CA5BC21F}.Debug|x64.Build.0 = Debug|Any CPU
		{AE89BB16-CCE4-4C41-A3B2-7CF9CA5BC21F}.Debug|x86.ActiveCfg = Debug|Any CPU
		{AE89BB16-CCE4-4C41-A3B2-7CF9CA5BC21F}.Debug|x86.Build.0 = Debug|Any CPU
		{AE89BB16-CCE4-4C41-A3B2-7CF9CA5BC21F}.Release|Any CPU.ActiveCfg = Release|Any CPU
		{AE89BB16-CCE4-4C41-A3B2-7CF9CA5BC21F}.Release|Any CPU.Build.0 = Release|Any CPU
		{AE89BB16-CCE4-4C41-A3B2-7CF9CA5BC21F}.Release|x64.ActiveCfg = Release|Any CPU
		{AE89BB16-CCE4-4C41-A3B2-7CF9CA5BC21F}.Release|x64.Build.0 = Release|Any CPU
		{AE89BB16-CCE4-4C41-A3B2-7CF9CA5BC21F}.Release|x86.ActiveCfg = Release|Any CPU
		{AE89BB16-CCE4-4C41-A3B2-7CF9CA5BC21F}.Release|x86.Build.0 = Release|Any CPU
		{7E81EF26-959C-4ED1-956E-CC72E495E49B}.Debug|Any CPU.ActiveCfg = Debug|Any CPU
		{7E81EF26-959C-4ED1-956E-CC72E495E49B}.Debug|Any CPU.Build.0 = Debug|Any CPU
		{7E81EF26-959C-4ED1-956E-CC72E495E49B}.Debug|x64.ActiveCfg = Debug|Any CPU
		{7E81EF26-959C-4ED1-956E-CC72E495E49B}.Debug|x64.Build.0 = Debug|Any CPU
		{7E81EF26-959C-4ED1-956E-CC72E495E49B}.Debug|x86.ActiveCfg = Debug|Any CPU
		{7E81EF26-959C-4ED1-956E-CC72E495E49B}.Debug|x86.Build.0 = Debug|Any CPU
		{7E81EF26-959C-4ED1-956E-CC72E495E49B}.Release|Any CPU.ActiveCfg = Release|Any CPU
		{7E81EF26-959C-4ED1-956E-CC72E495E49B}.Release|Any CPU.Build.0 = Release|Any CPU
		{7E81EF26-959C-4ED1-956E-CC72E495E49B}.Release|x64.ActiveCfg = Release|Any CPU
		{7E81EF26-959C-4ED1-956E-CC72E495E49B}.Release|x64.Build.0 = Release|Any CPU
		{7E81EF26-959C-4ED1-956E-CC72E495E49B}.Release|x86.ActiveCfg = Release|Any CPU
		{7E81EF26-959C-4ED1-956E-CC72E495E49B}.Release|x86.Build.0 = Release|Any CPU
		{44D5B15A-2690-48D9-8609-A25646701C85}.Debug|Any CPU.ActiveCfg = Debug|Any CPU
		{44D5B15A-2690-48D9-8609-A25646701C85}.Debug|Any CPU.Build.0 = Debug|Any CPU
		{44D5B15A-2690-48D9-8609-A25646701C85}.Debug|x64.ActiveCfg = Debug|Any CPU
		{44D5B15A-2690-48D9-8609-A25646701C85}.Debug|x64.Build.0 = Debug|Any CPU
		{44D5B15A-2690-48D9-8609-A25646701C85}.Debug|x86.ActiveCfg = Debug|Any CPU
		{44D5B15A-2690-48D9-8609-A25646701C85}.Debug|x86.Build.0 = Debug|Any CPU
		{44D5B15A-2690-48D9-8609-A25646701C85}.Release|Any CPU.ActiveCfg = Release|Any CPU
		{44D5B15A-2690-48D9-8609-A25646701C85}.Release|Any CPU.Build.0 = Release|Any CPU
		{44D5B15A-2690-48D9-8609-A25646701C85}.Release|x64.ActiveCfg = Release|Any CPU
		{44D5B15A-2690-48D9-8609-A25646701C85}.Release|x64.Build.0 = Release|Any CPU
		{44D5B15A-2690-48D9-8609-A25646701C85}.Release|x86.ActiveCfg = Release|Any CPU
		{44D5B15A-2690-48D9-8609-A25646701C85}.Release|x86.Build.0 = Release|Any CPU
		{497747A1-3733-449F-8FE5-CB9DE6A922B8}.Debug|Any CPU.ActiveCfg = Debug|Any CPU
		{497747A1-3733-449F-8FE5-CB9DE6A922B8}.Debug|Any CPU.Build.0 = Debug|Any CPU
		{497747A1-3733-449F-8FE5-CB9DE6A922B8}.Debug|x64.ActiveCfg = Debug|Any CPU
		{497747A1-3733-449F-8FE5-CB9DE6A922B8}.Debug|x64.Build.0 = Debug|Any CPU
		{497747A1-3733-449F-8FE5-CB9DE6A922B8}.Debug|x86.ActiveCfg = Debug|Any CPU
		{497747A1-3733-449F-8FE5-CB9DE6A922B8}.Debug|x86.Build.0 = Debug|Any CPU
		{497747A1-3733-449F-8FE5-CB9DE6A922B8}.Release|Any CPU.ActiveCfg = Release|Any CPU
		{497747A1-3733-449F-8FE5-CB9DE6A922B8}.Release|Any CPU.Build.0 = Release|Any CPU
		{497747A1-3733-449F-8FE5-CB9DE6A922B8}.Release|x64.ActiveCfg = Release|Any CPU
		{497747A1-3733-449F-8FE5-CB9DE6A922B8}.Release|x64.Build.0 = Release|Any CPU
		{497747A1-3733-449F-8FE5-CB9DE6A922B8}.Release|x86.ActiveCfg = Release|Any CPU
		{497747A1-3733-449F-8FE5-CB9DE6A922B8}.Release|x86.Build.0 = Release|Any CPU
		{DD710B3B-01B9-4BDE-BEFC-73A5AA27829F}.Debug|Any CPU.ActiveCfg = Debug|Any CPU
		{DD710B3B-01B9-4BDE-BEFC-73A5AA27829F}.Debug|Any CPU.Build.0 = Debug|Any CPU
		{DD710B3B-01B9-4BDE-BEFC-73A5AA27829F}.Debug|x64.ActiveCfg = Debug|Any CPU
		{DD710B3B-01B9-4BDE-BEFC-73A5AA27829F}.Debug|x64.Build.0 = Debug|Any CPU
		{DD710B3B-01B9-4BDE-BEFC-73A5AA27829F}.Debug|x86.ActiveCfg = Debug|Any CPU
		{DD710B3B-01B9-4BDE-BEFC-73A5AA27829F}.Debug|x86.Build.0 = Debug|Any CPU
		{DD710B3B-01B9-4BDE-BEFC-73A5AA27829F}.Release|Any CPU.ActiveCfg = Release|Any CPU
		{DD710B3B-01B9-4BDE-BEFC-73A5AA27829F}.Release|Any CPU.Build.0 = Release|Any CPU
		{DD710B3B-01B9-4BDE-BEFC-73A5AA27829F}.Release|x64.ActiveCfg = Release|Any CPU
		{DD710B3B-01B9-4BDE-BEFC-73A5AA27829F}.Release|x64.Build.0 = Release|Any CPU
		{DD710B3B-01B9-4BDE-BEFC-73A5AA27829F}.Release|x86.ActiveCfg = Release|Any CPU
		{DD710B3B-01B9-4BDE-BEFC-73A5AA27829F}.Release|x86.Build.0 = Release|Any CPU
		{DD1B456C-5442-4984-A3A8-831DF835F1E4}.Debug|Any CPU.ActiveCfg = Debug|Any CPU
		{DD1B456C-5442-4984-A3A8-831DF835F1E4}.Debug|Any CPU.Build.0 = Debug|Any CPU
		{DD1B456C-5442-4984-A3A8-831DF835F1E4}.Debug|x64.ActiveCfg = Debug|Any CPU
		{DD1B456C-5442-4984-A3A8-831DF835F1E4}.Debug|x64.Build.0 = Debug|Any CPU
		{DD1B456C-5442-4984-A3A8-831DF835F1E4}.Debug|x86.ActiveCfg = Debug|Any CPU
		{DD1B456C-5442-4984-A3A8-831DF835F1E4}.Debug|x86.Build.0 = Debug|Any CPU
		{DD1B456C-5442-4984-A3A8-831DF835F1E4}.Release|Any CPU.ActiveCfg = Release|Any CPU
		{DD1B456C-5442-4984-A3A8-831DF835F1E4}.Release|Any CPU.Build.0 = Release|Any CPU
		{DD1B456C-5442-4984-A3A8-831DF835F1E4}.Release|x64.ActiveCfg = Release|Any CPU
		{DD1B456C-5442-4984-A3A8-831DF835F1E4}.Release|x64.Build.0 = Release|Any CPU
		{DD1B456C-5442-4984-A3A8-831DF835F1E4}.Release|x86.ActiveCfg = Release|Any CPU
		{DD1B456C-5442-4984-A3A8-831DF835F1E4}.Release|x86.Build.0 = Release|Any CPU
		{21946C22-B9BE-49C9-8D4D-9F2F60B94D2F}.Debug|Any CPU.ActiveCfg = Debug|Any CPU
		{21946C22-B9BE-49C9-8D4D-9F2F60B94D2F}.Debug|Any CPU.Build.0 = Debug|Any CPU
		{21946C22-B9BE-49C9-8D4D-9F2F60B94D2F}.Debug|x64.ActiveCfg = Debug|Any CPU
		{21946C22-B9BE-49C9-8D4D-9F2F60B94D2F}.Debug|x64.Build.0 = Debug|Any CPU
		{21946C22-B9BE-49C9-8D4D-9F2F60B94D2F}.Debug|x86.ActiveCfg = Debug|Any CPU
		{21946C22-B9BE-49C9-8D4D-9F2F60B94D2F}.Debug|x86.Build.0 = Debug|Any CPU
		{21946C22-B9BE-49C9-8D4D-9F2F60B94D2F}.Release|Any CPU.ActiveCfg = Release|Any CPU
		{21946C22-B9BE-49C9-8D4D-9F2F60B94D2F}.Release|Any CPU.Build.0 = Release|Any CPU
		{21946C22-B9BE-49C9-8D4D-9F2F60B94D2F}.Release|x64.ActiveCfg = Release|Any CPU
		{21946C22-B9BE-49C9-8D4D-9F2F60B94D2F}.Release|x64.Build.0 = Release|Any CPU
		{21946C22-B9BE-49C9-8D4D-9F2F60B94D2F}.Release|x86.ActiveCfg = Release|Any CPU
		{21946C22-B9BE-49C9-8D4D-9F2F60B94D2F}.Release|x86.Build.0 = Release|Any CPU
		{D75B2353-647F-49F1-B23C-057FE927EBA9}.Debug|Any CPU.ActiveCfg = Debug|Any CPU
		{D75B2353-647F-49F1-B23C-057FE927EBA9}.Debug|Any CPU.Build.0 = Debug|Any CPU
		{D75B2353-647F-49F1-B23C-057FE927EBA9}.Debug|x64.ActiveCfg = Debug|Any CPU
		{D75B2353-647F-49F1-B23C-057FE927EBA9}.Debug|x64.Build.0 = Debug|Any CPU
		{D75B2353-647F-49F1-B23C-057FE927EBA9}.Debug|x86.ActiveCfg = Debug|Any CPU
		{D75B2353-647F-49F1-B23C-057FE927EBA9}.Debug|x86.Build.0 = Debug|Any CPU
		{D75B2353-647F-49F1-B23C-057FE927EBA9}.Release|Any CPU.ActiveCfg = Release|Any CPU
		{D75B2353-647F-49F1-B23C-057FE927EBA9}.Release|Any CPU.Build.0 = Release|Any CPU
		{D75B2353-647F-49F1-B23C-057FE927EBA9}.Release|x64.ActiveCfg = Release|Any CPU
		{D75B2353-647F-49F1-B23C-057FE927EBA9}.Release|x64.Build.0 = Release|Any CPU
		{D75B2353-647F-49F1-B23C-057FE927EBA9}.Release|x86.ActiveCfg = Release|Any CPU
		{D75B2353-647F-49F1-B23C-057FE927EBA9}.Release|x86.Build.0 = Release|Any CPU
		{C0AB9FB5-1FA9-455B-AD2C-C4BB148C3A3D}.Debug|Any CPU.ActiveCfg = Debug|Any CPU
		{C0AB9FB5-1FA9-455B-AD2C-C4BB148C3A3D}.Debug|Any CPU.Build.0 = Debug|Any CPU
		{C0AB9FB5-1FA9-455B-AD2C-C4BB148C3A3D}.Debug|x64.ActiveCfg = Debug|Any CPU
		{C0AB9FB5-1FA9-455B-AD2C-C4BB148C3A3D}.Debug|x64.Build.0 = Debug|Any CPU
		{C0AB9FB5-1FA9-455B-AD2C-C4BB148C3A3D}.Debug|x86.ActiveCfg = Debug|Any CPU
		{C0AB9FB5-1FA9-455B-AD2C-C4BB148C3A3D}.Debug|x86.Build.0 = Debug|Any CPU
		{C0AB9FB5-1FA9-455B-AD2C-C4BB148C3A3D}.Release|Any CPU.ActiveCfg = Release|Any CPU
		{C0AB9FB5-1FA9-455B-AD2C-C4BB148C3A3D}.Release|Any CPU.Build.0 = Release|Any CPU
		{C0AB9FB5-1FA9-455B-AD2C-C4BB148C3A3D}.Release|x64.ActiveCfg = Release|Any CPU
		{C0AB9FB5-1FA9-455B-AD2C-C4BB148C3A3D}.Release|x64.Build.0 = Release|Any CPU
		{C0AB9FB5-1FA9-455B-AD2C-C4BB148C3A3D}.Release|x86.ActiveCfg = Release|Any CPU
		{C0AB9FB5-1FA9-455B-AD2C-C4BB148C3A3D}.Release|x86.Build.0 = Release|Any CPU
		{70AE175A-94F4-4751-8F52-BCAA4FA1F2E5}.Debug|Any CPU.ActiveCfg = Debug|Any CPU
		{70AE175A-94F4-4751-8F52-BCAA4FA1F2E5}.Debug|Any CPU.Build.0 = Debug|Any CPU
		{70AE175A-94F4-4751-8F52-BCAA4FA1F2E5}.Debug|x64.ActiveCfg = Debug|Any CPU
		{70AE175A-94F4-4751-8F52-BCAA4FA1F2E5}.Debug|x64.Build.0 = Debug|Any CPU
		{70AE175A-94F4-4751-8F52-BCAA4FA1F2E5}.Debug|x86.ActiveCfg = Debug|Any CPU
		{70AE175A-94F4-4751-8F52-BCAA4FA1F2E5}.Debug|x86.Build.0 = Debug|Any CPU
		{70AE175A-94F4-4751-8F52-BCAA4FA1F2E5}.Release|Any CPU.ActiveCfg = Release|Any CPU
		{70AE175A-94F4-4751-8F52-BCAA4FA1F2E5}.Release|Any CPU.Build.0 = Release|Any CPU
		{70AE175A-94F4-4751-8F52-BCAA4FA1F2E5}.Release|x64.ActiveCfg = Release|Any CPU
		{70AE175A-94F4-4751-8F52-BCAA4FA1F2E5}.Release|x64.Build.0 = Release|Any CPU
		{70AE175A-94F4-4751-8F52-BCAA4FA1F2E5}.Release|x86.ActiveCfg = Release|Any CPU
		{70AE175A-94F4-4751-8F52-BCAA4FA1F2E5}.Release|x86.Build.0 = Release|Any CPU
		{561D750B-EBC9-485F-BCF7-B434A9AB150A}.Debug|Any CPU.ActiveCfg = Debug|Any CPU
		{561D750B-EBC9-485F-BCF7-B434A9AB150A}.Debug|Any CPU.Build.0 = Debug|Any CPU
		{561D750B-EBC9-485F-BCF7-B434A9AB150A}.Debug|x64.ActiveCfg = Debug|Any CPU
		{561D750B-EBC9-485F-BCF7-B434A9AB150A}.Debug|x64.Build.0 = Debug|Any CPU
		{561D750B-EBC9-485F-BCF7-B434A9AB150A}.Debug|x86.ActiveCfg = Debug|Any CPU
		{561D750B-EBC9-485F-BCF7-B434A9AB150A}.Debug|x86.Build.0 = Debug|Any CPU
		{561D750B-EBC9-485F-BCF7-B434A9AB150A}.Release|Any CPU.ActiveCfg = Release|Any CPU
		{561D750B-EBC9-485F-BCF7-B434A9AB150A}.Release|Any CPU.Build.0 = Release|Any CPU
		{561D750B-EBC9-485F-BCF7-B434A9AB150A}.Release|x64.ActiveCfg = Release|Any CPU
		{561D750B-EBC9-485F-BCF7-B434A9AB150A}.Release|x64.Build.0 = Release|Any CPU
		{561D750B-EBC9-485F-BCF7-B434A9AB150A}.Release|x86.ActiveCfg = Release|Any CPU
		{561D750B-EBC9-485F-BCF7-B434A9AB150A}.Release|x86.Build.0 = Release|Any CPU
		{D78943D0-BB9C-4392-AFCB-8E911C4CB649}.Debug|Any CPU.ActiveCfg = Debug|Any CPU
		{D78943D0-BB9C-4392-AFCB-8E911C4CB649}.Debug|Any CPU.Build.0 = Debug|Any CPU
		{D78943D0-BB9C-4392-AFCB-8E911C4CB649}.Debug|x64.ActiveCfg = Debug|Any CPU
		{D78943D0-BB9C-4392-AFCB-8E911C4CB649}.Debug|x64.Build.0 = Debug|Any CPU
		{D78943D0-BB9C-4392-AFCB-8E911C4CB649}.Debug|x86.ActiveCfg = Debug|Any CPU
		{D78943D0-BB9C-4392-AFCB-8E911C4CB649}.Debug|x86.Build.0 = Debug|Any CPU
		{D78943D0-BB9C-4392-AFCB-8E911C4CB649}.Release|Any CPU.ActiveCfg = Release|Any CPU
		{D78943D0-BB9C-4392-AFCB-8E911C4CB649}.Release|Any CPU.Build.0 = Release|Any CPU
		{D78943D0-BB9C-4392-AFCB-8E911C4CB649}.Release|x64.ActiveCfg = Release|Any CPU
		{D78943D0-BB9C-4392-AFCB-8E911C4CB649}.Release|x64.Build.0 = Release|Any CPU
		{D78943D0-BB9C-4392-AFCB-8E911C4CB649}.Release|x86.ActiveCfg = Release|Any CPU
		{D78943D0-BB9C-4392-AFCB-8E911C4CB649}.Release|x86.Build.0 = Release|Any CPU
		{627B4B41-7CD9-4C47-B6F6-79CBCC90F345}.Debug|Any CPU.ActiveCfg = Debug|Any CPU
		{627B4B41-7CD9-4C47-B6F6-79CBCC90F345}.Debug|Any CPU.Build.0 = Debug|Any CPU
		{627B4B41-7CD9-4C47-B6F6-79CBCC90F345}.Debug|x64.ActiveCfg = Debug|Any CPU
		{627B4B41-7CD9-4C47-B6F6-79CBCC90F345}.Debug|x64.Build.0 = Debug|Any CPU
		{627B4B41-7CD9-4C47-B6F6-79CBCC90F345}.Debug|x86.ActiveCfg = Debug|Any CPU
		{627B4B41-7CD9-4C47-B6F6-79CBCC90F345}.Debug|x86.Build.0 = Debug|Any CPU
		{627B4B41-7CD9-4C47-B6F6-79CBCC90F345}.Release|Any CPU.ActiveCfg = Release|Any CPU
		{627B4B41-7CD9-4C47-B6F6-79CBCC90F345}.Release|Any CPU.Build.0 = Release|Any CPU
		{627B4B41-7CD9-4C47-B6F6-79CBCC90F345}.Release|x64.ActiveCfg = Release|Any CPU
		{627B4B41-7CD9-4C47-B6F6-79CBCC90F345}.Release|x64.Build.0 = Release|Any CPU
		{627B4B41-7CD9-4C47-B6F6-79CBCC90F345}.Release|x86.ActiveCfg = Release|Any CPU
		{627B4B41-7CD9-4C47-B6F6-79CBCC90F345}.Release|x86.Build.0 = Release|Any CPU
		{E8D1C191-D965-42D3-80CD-083ED4E9F28F}.Debug|Any CPU.ActiveCfg = Debug|Any CPU
		{E8D1C191-D965-42D3-80CD-083ED4E9F28F}.Debug|Any CPU.Build.0 = Debug|Any CPU
		{E8D1C191-D965-42D3-80CD-083ED4E9F28F}.Debug|x64.ActiveCfg = Debug|Any CPU
		{E8D1C191-D965-42D3-80CD-083ED4E9F28F}.Debug|x64.Build.0 = Debug|Any CPU
		{E8D1C191-D965-42D3-80CD-083ED4E9F28F}.Debug|x86.ActiveCfg = Debug|Any CPU
		{E8D1C191-D965-42D3-80CD-083ED4E9F28F}.Debug|x86.Build.0 = Debug|Any CPU
		{E8D1C191-D965-42D3-80CD-083ED4E9F28F}.Release|Any CPU.ActiveCfg = Release|Any CPU
		{E8D1C191-D965-42D3-80CD-083ED4E9F28F}.Release|Any CPU.Build.0 = Release|Any CPU
		{E8D1C191-D965-42D3-80CD-083ED4E9F28F}.Release|x64.ActiveCfg = Release|Any CPU
		{E8D1C191-D965-42D3-80CD-083ED4E9F28F}.Release|x64.Build.0 = Release|Any CPU
		{E8D1C191-D965-42D3-80CD-083ED4E9F28F}.Release|x86.ActiveCfg = Release|Any CPU
		{E8D1C191-D965-42D3-80CD-083ED4E9F28F}.Release|x86.Build.0 = Release|Any CPU
		{F59F2748-F982-4AD1-8D91-F8ED4B83AD2A}.Debug|Any CPU.ActiveCfg = Debug|Any CPU
		{F59F2748-F982-4AD1-8D91-F8ED4B83AD2A}.Debug|Any CPU.Build.0 = Debug|Any CPU
		{F59F2748-F982-4AD1-8D91-F8ED4B83AD2A}.Debug|x64.ActiveCfg = Debug|Any CPU
		{F59F2748-F982-4AD1-8D91-F8ED4B83AD2A}.Debug|x64.Build.0 = Debug|Any CPU
		{F59F2748-F982-4AD1-8D91-F8ED4B83AD2A}.Debug|x86.ActiveCfg = Debug|Any CPU
		{F59F2748-F982-4AD1-8D91-F8ED4B83AD2A}.Debug|x86.Build.0 = Debug|Any CPU
		{F59F2748-F982-4AD1-8D91-F8ED4B83AD2A}.Release|Any CPU.ActiveCfg = Release|Any CPU
		{F59F2748-F982-4AD1-8D91-F8ED4B83AD2A}.Release|Any CPU.Build.0 = Release|Any CPU
		{F59F2748-F982-4AD1-8D91-F8ED4B83AD2A}.Release|x64.ActiveCfg = Release|Any CPU
		{F59F2748-F982-4AD1-8D91-F8ED4B83AD2A}.Release|x64.Build.0 = Release|Any CPU
		{F59F2748-F982-4AD1-8D91-F8ED4B83AD2A}.Release|x86.ActiveCfg = Release|Any CPU
		{F59F2748-F982-4AD1-8D91-F8ED4B83AD2A}.Release|x86.Build.0 = Release|Any CPU
		{A63C9ABD-9E70-446A-B5C5-1962106B82E8}.Debug|Any CPU.ActiveCfg = Debug|Any CPU
		{A63C9ABD-9E70-446A-B5C5-1962106B82E8}.Debug|Any CPU.Build.0 = Debug|Any CPU
		{A63C9ABD-9E70-446A-B5C5-1962106B82E8}.Debug|x64.ActiveCfg = Debug|Any CPU
		{A63C9ABD-9E70-446A-B5C5-1962106B82E8}.Debug|x64.Build.0 = Debug|Any CPU
		{A63C9ABD-9E70-446A-B5C5-1962106B82E8}.Debug|x86.ActiveCfg = Debug|Any CPU
		{A63C9ABD-9E70-446A-B5C5-1962106B82E8}.Debug|x86.Build.0 = Debug|Any CPU
		{A63C9ABD-9E70-446A-B5C5-1962106B82E8}.Release|Any CPU.ActiveCfg = Release|Any CPU
		{A63C9ABD-9E70-446A-B5C5-1962106B82E8}.Release|Any CPU.Build.0 = Release|Any CPU
		{A63C9ABD-9E70-446A-B5C5-1962106B82E8}.Release|x64.ActiveCfg = Release|Any CPU
		{A63C9ABD-9E70-446A-B5C5-1962106B82E8}.Release|x64.Build.0 = Release|Any CPU
		{A63C9ABD-9E70-446A-B5C5-1962106B82E8}.Release|x86.ActiveCfg = Release|Any CPU
		{A63C9ABD-9E70-446A-B5C5-1962106B82E8}.Release|x86.Build.0 = Release|Any CPU
		{980C4392-DFFC-43E3-8B51-070251D98B8D}.Debug|Any CPU.ActiveCfg = Debug|Any CPU
		{980C4392-DFFC-43E3-8B51-070251D98B8D}.Debug|Any CPU.Build.0 = Debug|Any CPU
		{980C4392-DFFC-43E3-8B51-070251D98B8D}.Debug|x64.ActiveCfg = Debug|Any CPU
		{980C4392-DFFC-43E3-8B51-070251D98B8D}.Debug|x64.Build.0 = Debug|Any CPU
		{980C4392-DFFC-43E3-8B51-070251D98B8D}.Debug|x86.ActiveCfg = Debug|Any CPU
		{980C4392-DFFC-43E3-8B51-070251D98B8D}.Debug|x86.Build.0 = Debug|Any CPU
		{980C4392-DFFC-43E3-8B51-070251D98B8D}.Release|Any CPU.ActiveCfg = Release|Any CPU
		{980C4392-DFFC-43E3-8B51-070251D98B8D}.Release|Any CPU.Build.0 = Release|Any CPU
		{980C4392-DFFC-43E3-8B51-070251D98B8D}.Release|x64.ActiveCfg = Release|Any CPU
		{980C4392-DFFC-43E3-8B51-070251D98B8D}.Release|x64.Build.0 = Release|Any CPU
		{980C4392-DFFC-43E3-8B51-070251D98B8D}.Release|x86.ActiveCfg = Release|Any CPU
		{980C4392-DFFC-43E3-8B51-070251D98B8D}.Release|x86.Build.0 = Release|Any CPU
		{D5E0ACB8-5E6D-499A-860E-9D9020AFB113}.Debug|Any CPU.ActiveCfg = Debug|Any CPU
		{D5E0ACB8-5E6D-499A-860E-9D9020AFB113}.Debug|Any CPU.Build.0 = Debug|Any CPU
		{D5E0ACB8-5E6D-499A-860E-9D9020AFB113}.Debug|x64.ActiveCfg = Debug|Any CPU
		{D5E0ACB8-5E6D-499A-860E-9D9020AFB113}.Debug|x64.Build.0 = Debug|Any CPU
		{D5E0ACB8-5E6D-499A-860E-9D9020AFB113}.Debug|x86.ActiveCfg = Debug|Any CPU
		{D5E0ACB8-5E6D-499A-860E-9D9020AFB113}.Debug|x86.Build.0 = Debug|Any CPU
		{D5E0ACB8-5E6D-499A-860E-9D9020AFB113}.Release|Any CPU.ActiveCfg = Release|Any CPU
		{D5E0ACB8-5E6D-499A-860E-9D9020AFB113}.Release|Any CPU.Build.0 = Release|Any CPU
		{D5E0ACB8-5E6D-499A-860E-9D9020AFB113}.Release|x64.ActiveCfg = Release|Any CPU
		{D5E0ACB8-5E6D-499A-860E-9D9020AFB113}.Release|x64.Build.0 = Release|Any CPU
		{D5E0ACB8-5E6D-499A-860E-9D9020AFB113}.Release|x86.ActiveCfg = Release|Any CPU
		{D5E0ACB8-5E6D-499A-860E-9D9020AFB113}.Release|x86.Build.0 = Release|Any CPU
		{2C23F1AF-D7AB-4C4E-A993-6DDECFDAEEB1}.Debug|Any CPU.ActiveCfg = Debug|Any CPU
		{2C23F1AF-D7AB-4C4E-A993-6DDECFDAEEB1}.Debug|Any CPU.Build.0 = Debug|Any CPU
		{2C23F1AF-D7AB-4C4E-A993-6DDECFDAEEB1}.Debug|x64.ActiveCfg = Debug|Any CPU
		{2C23F1AF-D7AB-4C4E-A993-6DDECFDAEEB1}.Debug|x64.Build.0 = Debug|Any CPU
		{2C23F1AF-D7AB-4C4E-A993-6DDECFDAEEB1}.Debug|x86.ActiveCfg = Debug|Any CPU
		{2C23F1AF-D7AB-4C4E-A993-6DDECFDAEEB1}.Debug|x86.Build.0 = Debug|Any CPU
		{2C23F1AF-D7AB-4C4E-A993-6DDECFDAEEB1}.Release|Any CPU.ActiveCfg = Release|Any CPU
		{2C23F1AF-D7AB-4C4E-A993-6DDECFDAEEB1}.Release|Any CPU.Build.0 = Release|Any CPU
		{2C23F1AF-D7AB-4C4E-A993-6DDECFDAEEB1}.Release|x64.ActiveCfg = Release|Any CPU
		{2C23F1AF-D7AB-4C4E-A993-6DDECFDAEEB1}.Release|x64.Build.0 = Release|Any CPU
		{2C23F1AF-D7AB-4C4E-A993-6DDECFDAEEB1}.Release|x86.ActiveCfg = Release|Any CPU
		{2C23F1AF-D7AB-4C4E-A993-6DDECFDAEEB1}.Release|x86.Build.0 = Release|Any CPU
		{B6C79664-6C25-46BC-9434-462F507489BE}.Debug|Any CPU.ActiveCfg = Debug|Any CPU
		{B6C79664-6C25-46BC-9434-462F507489BE}.Debug|Any CPU.Build.0 = Debug|Any CPU
		{B6C79664-6C25-46BC-9434-462F507489BE}.Debug|x64.ActiveCfg = Debug|Any CPU
		{B6C79664-6C25-46BC-9434-462F507489BE}.Debug|x64.Build.0 = Debug|Any CPU
		{B6C79664-6C25-46BC-9434-462F507489BE}.Debug|x86.ActiveCfg = Debug|Any CPU
		{B6C79664-6C25-46BC-9434-462F507489BE}.Debug|x86.Build.0 = Debug|Any CPU
		{B6C79664-6C25-46BC-9434-462F507489BE}.Release|Any CPU.ActiveCfg = Release|Any CPU
		{B6C79664-6C25-46BC-9434-462F507489BE}.Release|Any CPU.Build.0 = Release|Any CPU
		{B6C79664-6C25-46BC-9434-462F507489BE}.Release|x64.ActiveCfg = Release|Any CPU
		{B6C79664-6C25-46BC-9434-462F507489BE}.Release|x64.Build.0 = Release|Any CPU
		{B6C79664-6C25-46BC-9434-462F507489BE}.Release|x86.ActiveCfg = Release|Any CPU
		{B6C79664-6C25-46BC-9434-462F507489BE}.Release|x86.Build.0 = Release|Any CPU
		{D0E0337F-5839-4F74-871C-1765A3F4C1EB}.Debug|Any CPU.ActiveCfg = Debug|Any CPU
		{D0E0337F-5839-4F74-871C-1765A3F4C1EB}.Debug|Any CPU.Build.0 = Debug|Any CPU
		{D0E0337F-5839-4F74-871C-1765A3F4C1EB}.Debug|x64.ActiveCfg = Debug|Any CPU
		{D0E0337F-5839-4F74-871C-1765A3F4C1EB}.Debug|x64.Build.0 = Debug|Any CPU
		{D0E0337F-5839-4F74-871C-1765A3F4C1EB}.Debug|x86.ActiveCfg = Debug|Any CPU
		{D0E0337F-5839-4F74-871C-1765A3F4C1EB}.Debug|x86.Build.0 = Debug|Any CPU
		{D0E0337F-5839-4F74-871C-1765A3F4C1EB}.Release|Any CPU.ActiveCfg = Release|Any CPU
		{D0E0337F-5839-4F74-871C-1765A3F4C1EB}.Release|Any CPU.Build.0 = Release|Any CPU
		{D0E0337F-5839-4F74-871C-1765A3F4C1EB}.Release|x64.ActiveCfg = Release|Any CPU
		{D0E0337F-5839-4F74-871C-1765A3F4C1EB}.Release|x64.Build.0 = Release|Any CPU
		{D0E0337F-5839-4F74-871C-1765A3F4C1EB}.Release|x86.ActiveCfg = Release|Any CPU
		{D0E0337F-5839-4F74-871C-1765A3F4C1EB}.Release|x86.Build.0 = Release|Any CPU
		{DDC40DEC-29AE-47AD-8505-B49396143371}.Debug|Any CPU.ActiveCfg = Debug|Any CPU
		{DDC40DEC-29AE-47AD-8505-B49396143371}.Debug|Any CPU.Build.0 = Debug|Any CPU
		{DDC40DEC-29AE-47AD-8505-B49396143371}.Debug|x64.ActiveCfg = Debug|Any CPU
		{DDC40DEC-29AE-47AD-8505-B49396143371}.Debug|x64.Build.0 = Debug|Any CPU
		{DDC40DEC-29AE-47AD-8505-B49396143371}.Debug|x86.ActiveCfg = Debug|Any CPU
		{DDC40DEC-29AE-47AD-8505-B49396143371}.Debug|x86.Build.0 = Debug|Any CPU
		{DDC40DEC-29AE-47AD-8505-B49396143371}.Release|Any CPU.ActiveCfg = Release|Any CPU
		{DDC40DEC-29AE-47AD-8505-B49396143371}.Release|Any CPU.Build.0 = Release|Any CPU
		{DDC40DEC-29AE-47AD-8505-B49396143371}.Release|x64.ActiveCfg = Release|Any CPU
		{DDC40DEC-29AE-47AD-8505-B49396143371}.Release|x64.Build.0 = Release|Any CPU
		{DDC40DEC-29AE-47AD-8505-B49396143371}.Release|x86.ActiveCfg = Release|Any CPU
		{DDC40DEC-29AE-47AD-8505-B49396143371}.Release|x86.Build.0 = Release|Any CPU
	EndGlobalSection
	GlobalSection(SolutionProperties) = preSolution
		HideSolutionNode = FALSE
	EndGlobalSection
	GlobalSection(NestedProjects) = preSolution
		{4269DE40-D400-4242-803D-9EE69EA437D1} = {EF8DD871-EE7E-4FD3-A153-03E96074967F}
		{1543C517-71CA-4E42-B35A-B9133AE87A7E} = {EF8DD871-EE7E-4FD3-A153-03E96074967F}
		{5FC2C37B-0A01-4ADE-AA4E-4FD0A2C084C5} = {0A05C673-FE38-457E-8BB2-2644D099F058}
		{B589ACE9-1B79-4DFD-A554-3965C1AF801A} = {A9E6B40C-2209-4F82-891E-7444D3CFAC41}
		{0E793B01-D082-49F5-AAF7-89134C85AE48} = {A9E6B40C-2209-4F82-891E-7444D3CFAC41}
		{A4535521-90FA-4336-B8A8-360D6E6BE206} = {354E84EE-5E6C-4CAF-9823-04FE9373FA88}
		{98640ADC-DDA4-4438-BF23-2517A66D11E8} = {354E84EE-5E6C-4CAF-9823-04FE9373FA88}
		{77F27D09-86ED-475F-AD0E-70A70407ACD6} = {354E84EE-5E6C-4CAF-9823-04FE9373FA88}
		{F2630DC7-B9EE-4415-8CEA-F0F9875F022C} = {354E84EE-5E6C-4CAF-9823-04FE9373FA88}
		{6966CAC3-056A-4CEE-B932-BB65ED1681B9} = {354E84EE-5E6C-4CAF-9823-04FE9373FA88}
		{8C9B87B7-73BB-47D2-A5EA-705C92066142} = {354E84EE-5E6C-4CAF-9823-04FE9373FA88}
		{73B6A760-1E82-465E-B1E3-D6A467F21814} = {354E84EE-5E6C-4CAF-9823-04FE9373FA88}
		{9F47198D-3AFE-4E88-9383-07C26EB45FE2} = {FC29B985-A356-4D06-BCC5-11A3F3EDFBC2}
		{4E688EB7-828B-4571-A6EA-671A90C328AA} = {FC29B985-A356-4D06-BCC5-11A3F3EDFBC2}
		{99780224-4EC1-4E3D-B738-F2409574D1A5} = {FC29B985-A356-4D06-BCC5-11A3F3EDFBC2}
		{5765ADC5-76D8-4D2C-90B8-7774AE7E7591} = {FC29B985-A356-4D06-BCC5-11A3F3EDFBC2}
		{7B374C1A-FE02-419A-8A00-274CD223468C} = {FC29B985-A356-4D06-BCC5-11A3F3EDFBC2}
		{0D3C4DDC-77AF-4DB7-80F6-2F71125D8E06} = {FC29B985-A356-4D06-BCC5-11A3F3EDFBC2}
		{63225801-32A4-4A4F-994D-7E00BEA2A4EA} = {FC29B985-A356-4D06-BCC5-11A3F3EDFBC2}
		{A02FD4A0-841F-42CA-BFC9-7D08ABA572E8} = {FC29B985-A356-4D06-BCC5-11A3F3EDFBC2}
		{025C2098-5F83-4F76-9738-3FEE694BBBB6} = {FC29B985-A356-4D06-BCC5-11A3F3EDFBC2}
		{3B88902B-9C83-4409-BC35-097A75E6AD1B} = {FC29B985-A356-4D06-BCC5-11A3F3EDFBC2}
		{3A7484E9-E220-4C05-88B1-32EAED588CB9} = {FC29B985-A356-4D06-BCC5-11A3F3EDFBC2}
		{BAF2F7A5-EB75-42A0-A49C-020679B92CCA} = {908DE815-5460-49B9-86C6-50F5D432A565}
		{AE89BB16-CCE4-4C41-A3B2-7CF9CA5BC21F} = {908DE815-5460-49B9-86C6-50F5D432A565}
		{7E81EF26-959C-4ED1-956E-CC72E495E49B} = {908DE815-5460-49B9-86C6-50F5D432A565}
		{44D5B15A-2690-48D9-8609-A25646701C85} = {7484C819-5836-4095-B068-09531E8B2B65}
		{497747A1-3733-449F-8FE5-CB9DE6A922B8} = {7484C819-5836-4095-B068-09531E8B2B65}
		{DD710B3B-01B9-4BDE-BEFC-73A5AA27829F} = {B2B75FF7-6D0C-47FC-B46A-0F99A55ECEA5}
		{DD1B456C-5442-4984-A3A8-831DF835F1E4} = {B2B75FF7-6D0C-47FC-B46A-0F99A55ECEA5}
		{21946C22-B9BE-49C9-8D4D-9F2F60B94D2F} = {B2B75FF7-6D0C-47FC-B46A-0F99A55ECEA5}
		{D75B2353-647F-49F1-B23C-057FE927EBA9} = {B2B75FF7-6D0C-47FC-B46A-0F99A55ECEA5}
		{C0AB9FB5-1FA9-455B-AD2C-C4BB148C3A3D} = {B2B75FF7-6D0C-47FC-B46A-0F99A55ECEA5}
		{70AE175A-94F4-4751-8F52-BCAA4FA1F2E5} = {54599ACC-CC0B-4B44-A49F-57E2109A73EA}
		{561D750B-EBC9-485F-BCF7-B434A9AB150A} = {54599ACC-CC0B-4B44-A49F-57E2109A73EA}
		{D78943D0-BB9C-4392-AFCB-8E911C4CB649} = {54599ACC-CC0B-4B44-A49F-57E2109A73EA}
		{627B4B41-7CD9-4C47-B6F6-79CBCC90F345} = {54599ACC-CC0B-4B44-A49F-57E2109A73EA}
		{E8D1C191-D965-42D3-80CD-083ED4E9F28F} = {54599ACC-CC0B-4B44-A49F-57E2109A73EA}
		{F59F2748-F982-4AD1-8D91-F8ED4B83AD2A} = {5E2B4141-3023-414F-A96C-761C72E938B5}
		{A63C9ABD-9E70-446A-B5C5-1962106B82E8} = {5E2B4141-3023-414F-A96C-761C72E938B5}
		{980C4392-DFFC-43E3-8B51-070251D98B8D} = {5E2B4141-3023-414F-A96C-761C72E938B5}
		{D5E0ACB8-5E6D-499A-860E-9D9020AFB113} = {9D301E01-22CC-4F9D-9197-2E2A50473828}
		{2C23F1AF-D7AB-4C4E-A993-6DDECFDAEEB1} = {9D301E01-22CC-4F9D-9197-2E2A50473828}
		{B6C79664-6C25-46BC-9434-462F507489BE} = {9D301E01-22CC-4F9D-9197-2E2A50473828}
		{D0E0337F-5839-4F74-871C-1765A3F4C1EB} = {9D301E01-22CC-4F9D-9197-2E2A50473828}
		{DDC40DEC-29AE-47AD-8505-B49396143371} = {9D301E01-22CC-4F9D-9197-2E2A50473828}
	EndGlobalSection
	GlobalSection(ExtensibilityGlobals) = postSolution
		SolutionGuid = {2FAD9569-CD4C-4742-AAD4-CA2A524A03F2}
	EndGlobalSection
EndGlobal
