
Microsoft Visual Studio Solution File, Format Version 12.00
# Visual Studio Version 16
VisualStudioVersion = 16.0.30204.135
MinimumVisualStudioVersion = 10.0.40219.1
Project("{FAE04EC0-301F-11D3-BF4B-00C04F79EFBC}") = "MyStockApp", "MyStockApp.csproj", "{99115F9D-EA3B-4074-917A-194294E88FCF}"
EndProject
Global
	GlobalSection(SolutionConfigurationPlatforms) = preSolution
		Debug|Any CPU = Debug|Any CPU
		Release|Any CPU = Release|Any CPU
	EndGlobalSection
	GlobalSection(ProjectConfigurationPlatforms) = postSolution
		{99115F9D-EA3B-4074-917A-194294E88FCF}.Debug|Any CPU.ActiveCfg = Debug|Any CPU
		{99115F9D-EA3B-4074-917A-194294E88FCF}.Debug|Any CPU.Build.0 = Debug|Any CPU
		{99115F9D-EA3B-4074-917A-194294E88FCF}.Release|Any CPU.ActiveCfg = Release|Any CPU
		{99115F9D-EA3B-4074-917A-194294E88FCF}.Release|Any CPU.Build.0 = Release|Any CPU
	EndGlobalSection
	GlobalSection(SolutionProperties) = preSolution
		HideSolutionNode = FALSE
	EndGlobalSection
	GlobalSection(ExtensibilityGlobals) = postSolution
		SolutionGuid = {D6B882C6-4D42-453D-B851-13A4B7AE40F5}
	EndGlobalSection
EndGlobal
